// !$*UTF8*$!
{
	archiveVersion = 1;
	classes = {
	};
	objectVersion = 50;
	objects = {

/* Begin PBXBuildFile section */
		8B50D58525513B95001D5EE1 /* AppDelegate.swift in Sources */ = {isa = PBXBuildFile; fileRef = 8B50D58425513B95001D5EE1 /* AppDelegate.swift */; };
		8B50D58725513B95001D5EE1 /* SceneDelegate.swift in Sources */ = {isa = PBXBuildFile; fileRef = 8B50D58625513B95001D5EE1 /* SceneDelegate.swift */; };
		8B50D58925513B95001D5EE1 /* ViewController.swift in Sources */ = {isa = PBXBuildFile; fileRef = 8B50D58825513B95001D5EE1 /* ViewController.swift */; };
		8B50D58C25513B95001D5EE1 /* Main.storyboard in Resources */ = {isa = PBXBuildFile; fileRef = 8B50D58A25513B95001D5EE1 /* Main.storyboard */; };
		8B50D58E25513B9B001D5EE1 /* Assets.xcassets in Resources */ = {isa = PBXBuildFile; fileRef = 8B50D58D25513B9B001D5EE1 /* Assets.xcassets */; };
		8B50D59125513B9B001D5EE1 /* LaunchScreen.storyboard in Resources */ = {isa = PBXBuildFile; fileRef = 8B50D58F25513B9B001D5EE1 /* LaunchScreen.storyboard */; };
		8B50D59C25513B9B001D5EE1 /* SampleCleanArchitectureTests.swift in Sources */ = {isa = PBXBuildFile; fileRef = 8B50D59B25513B9B001D5EE1 /* SampleCleanArchitectureTests.swift */; };
		8B50D5A725513B9B001D5EE1 /* SampleCleanArchitectureUITests.swift in Sources */ = {isa = PBXBuildFile; fileRef = 8B50D5A625513B9B001D5EE1 /* SampleCleanArchitectureUITests.swift */; };
/* End PBXBuildFile section */

/* Begin PBXContainerItemProxy section */
		8B50D59825513B9B001D5EE1 /* PBXContainerItemProxy */ = {
			isa = PBXContainerItemProxy;
			containerPortal = 8B50D57925513B94001D5EE1 /* Project object */;
			proxyType = 1;
			remoteGlobalIDString = 8B50D58025513B95001D5EE1;
			remoteInfo = SampleCleanArchitecture;
		};
		8B50D5A325513B9B001D5EE1 /* PBXContainerItemProxy */ = {
			isa = PBXContainerItemProxy;
			containerPortal = 8B50D57925513B94001D5EE1 /* Project object */;
			proxyType = 1;
			remoteGlobalIDString = 8B50D58025513B95001D5EE1;
			remoteInfo = SampleCleanArchitecture;
		};
/* End PBXContainerItemProxy section */

/* Begin PBXFileReference section */
		8B50D58125513B95001D5EE1 /* SampleCleanArchitecture.app */ = {isa = PBXFileReference; explicitFileType = wrapper.application; includeInIndex = 0; path = SampleCleanArchitecture.app; sourceTree = BUILT_PRODUCTS_DIR; };
		8B50D58425513B95001D5EE1 /* AppDelegate.swift */ = {isa = PBXFileReference; lastKnownFileType = sourcecode.swift; path = AppDelegate.swift; sourceTree = "<group>"; };
		8B50D58625513B95001D5EE1 /* SceneDelegate.swift */ = {isa = PBXFileReference; lastKnownFileType = sourcecode.swift; path = SceneDelegate.swift; sourceTree = "<group>"; };
		8B50D58825513B95001D5EE1 /* ViewController.swift */ = {isa = PBXFileReference; lastKnownFileType = sourcecode.swift; path = ViewController.swift; sourceTree = "<group>"; };
		8B50D58B25513B95001D5EE1 /* Base */ = {isa = PBXFileReference; lastKnownFileType = file.storyboard; name = Base; path = Base.lproj/Main.storyboard; sourceTree = "<group>"; };
		8B50D58D25513B9B001D5EE1 /* Assets.xcassets */ = {isa = PBXFileReference; lastKnownFileType = folder.assetcatalog; path = Assets.xcassets; sourceTree = "<group>"; };
		8B50D59025513B9B001D5EE1 /* Base */ = {isa = PBXFileReference; lastKnownFileType = file.storyboard; name = Base; path = Base.lproj/LaunchScreen.storyboard; sourceTree = "<group>"; };
		8B50D59225513B9B001D5EE1 /* Info.plist */ = {isa = PBXFileReference; lastKnownFileType = text.plist.xml; path = Info.plist; sourceTree = "<group>"; };
		8B50D59725513B9B001D5EE1 /* SampleCleanArchitectureTests.xctest */ = {isa = PBXFileReference; explicitFileType = wrapper.cfbundle; includeInIndex = 0; path = SampleCleanArchitectureTests.xctest; sourceTree = BUILT_PRODUCTS_DIR; };
		8B50D59B25513B9B001D5EE1 /* SampleCleanArchitectureTests.swift */ = {isa = PBXFileReference; lastKnownFileType = sourcecode.swift; path = SampleCleanArchitectureTests.swift; sourceTree = "<group>"; };
		8B50D59D25513B9B001D5EE1 /* Info.plist */ = {isa = PBXFileReference; lastKnownFileType = text.plist.xml; path = Info.plist; sourceTree = "<group>"; };
		8B50D5A225513B9B001D5EE1 /* SampleCleanArchitectureUITests.xctest */ = {isa = PBXFileReference; explicitFileType = wrapper.cfbundle; includeInIndex = 0; path = SampleCleanArchitectureUITests.xctest; sourceTree = BUILT_PRODUCTS_DIR; };
		8B50D5A625513B9B001D5EE1 /* SampleCleanArchitectureUITests.swift */ = {isa = PBXFileReference; lastKnownFileType = sourcecode.swift; path = SampleCleanArchitectureUITests.swift; sourceTree = "<group>"; };
		8B50D5A825513B9B001D5EE1 /* Info.plist */ = {isa = PBXFileReference; lastKnownFileType = text.plist.xml; path = Info.plist; sourceTree = "<group>"; };
/* End PBXFileReference section */

/* Begin PBXFrameworksBuildPhase section */
		8B50D57E25513B95001D5EE1 /* Frameworks */ = {
			isa = PBXFrameworksBuildPhase;
			buildActionMask = 2147483647;
			files = (
			);
			runOnlyForDeploymentPostprocessing = 0;
		};
		8B50D59425513B9B001D5EE1 /* Frameworks */ = {
			isa = PBXFrameworksBuildPhase;
			buildActionMask = 2147483647;
			files = (
			);
			runOnlyForDeploymentPostprocessing = 0;
		};
		8B50D59F25513B9B001D5EE1 /* Frameworks */ = {
			isa = PBXFrameworksBuildPhase;
			buildActionMask = 2147483647;
			files = (
			);
			runOnlyForDeploymentPostprocessing = 0;
		};
/* End PBXFrameworksBuildPhase section */

/* Begin PBXGroup section */
		8B50D57825513B94001D5EE1 = {
			isa = PBXGroup;
			children = (
				8B50D58325513B95001D5EE1 /* SampleCleanArchitecture */,
				8B50D59A25513B9B001D5EE1 /* SampleCleanArchitectureTests */,
				8B50D5A525513B9B001D5EE1 /* SampleCleanArchitectureUITests */,
				8B50D58225513B95001D5EE1 /* Products */,
			);
			sourceTree = "<group>";
		};
		8B50D58225513B95001D5EE1 /* Products */ = {
			isa = PBXGroup;
			children = (
				8B50D58125513B95001D5EE1 /* SampleCleanArchitecture.app */,
				8B50D59725513B9B001D5EE1 /* SampleCleanArchitectureTests.xctest */,
				8B50D5A225513B9B001D5EE1 /* SampleCleanArchitectureUITests.xctest */,
			);
			name = Products;
			sourceTree = "<group>";
		};
		8B50D58325513B95001D5EE1 /* SampleCleanArchitecture */ = {
			isa = PBXGroup;
			children = (
				8B50D58425513B95001D5EE1 /* AppDelegate.swift */,
				8B50D58625513B95001D5EE1 /* SceneDelegate.swift */,
				8B50D58825513B95001D5EE1 /* ViewController.swift */,
				8B50D58A25513B95001D5EE1 /* Main.storyboard */,
				8B50D58D25513B9B001D5EE1 /* Assets.xcassets */,
				8B50D58F25513B9B001D5EE1 /* LaunchScreen.storyboard */,
				8B50D59225513B9B001D5EE1 /* Info.plist */,
			);
			path = SampleCleanArchitecture;
			sourceTree = "<group>";
		};
		8B50D59A25513B9B001D5EE1 /* SampleCleanArchitectureTests */ = {
			isa = PBXGroup;
			children = (
				8B50D59B25513B9B001D5EE1 /* SampleCleanArchitectureTests.swift */,
				8B50D59D25513B9B001D5EE1 /* Info.plist */,
			);
			path = SampleCleanArchitectureTests;
			sourceTree = "<group>";
		};
		8B50D5A525513B9B001D5EE1 /* SampleCleanArchitectureUITests */ = {
			isa = PBXGroup;
			children = (
				8B50D5A625513B9B001D5EE1 /* SampleCleanArchitectureUITests.swift */,
				8B50D5A825513B9B001D5EE1 /* Info.plist */,
			);
			path = SampleCleanArchitectureUITests;
			sourceTree = "<group>";
		};
/* End PBXGroup section */

/* Begin PBXNativeTarget section */
		8B50D58025513B95001D5EE1 /* SampleCleanArchitecture */ = {
			isa = PBXNativeTarget;
			buildConfigurationList = 8B50D5AB25513B9B001D5EE1 /* Build configuration list for PBXNativeTarget "SampleCleanArchitecture" */;
			buildPhases = (
				8B50D57D25513B95001D5EE1 /* Sources */,
				8B50D57E25513B95001D5EE1 /* Frameworks */,
				8B50D57F25513B95001D5EE1 /* Resources */,
			);
			buildRules = (
			);
			dependencies = (
			);
			name = SampleCleanArchitecture;
			productName = SampleCleanArchitecture;
			productReference = 8B50D58125513B95001D5EE1 /* SampleCleanArchitecture.app */;
			productType = "com.apple.product-type.application";
		};
		8B50D59625513B9B001D5EE1 /* SampleCleanArchitectureTests */ = {
			isa = PBXNativeTarget;
			buildConfigurationList = 8B50D5AE25513B9B001D5EE1 /* Build configuration list for PBXNativeTarget "SampleCleanArchitectureTests" */;
			buildPhases = (
				8B50D59325513B9B001D5EE1 /* Sources */,
				8B50D59425513B9B001D5EE1 /* Frameworks */,
				8B50D59525513B9B001D5EE1 /* Resources */,
			);
			buildRules = (
			);
			dependencies = (
				8B50D59925513B9B001D5EE1 /* PBXTargetDependency */,
			);
			name = SampleCleanArchitectureTests;
			productName = SampleCleanArchitectureTests;
			productReference = 8B50D59725513B9B001D5EE1 /* SampleCleanArchitectureTests.xctest */;
			productType = "com.apple.product-type.bundle.unit-test";
		};
		8B50D5A125513B9B001D5EE1 /* SampleCleanArchitectureUITests */ = {
			isa = PBXNativeTarget;
			buildConfigurationList = 8B50D5B125513B9B001D5EE1 /* Build configuration list for PBXNativeTarget "SampleCleanArchitectureUITests" */;
			buildPhases = (
				8B50D59E25513B9B001D5EE1 /* Sources */,
				8B50D59F25513B9B001D5EE1 /* Frameworks */,
				8B50D5A025513B9B001D5EE1 /* Resources */,
			);
			buildRules = (
			);
			dependencies = (
				8B50D5A425513B9B001D5EE1 /* PBXTargetDependency */,
			);
			name = SampleCleanArchitectureUITests;
			productName = SampleCleanArchitectureUITests;
			productReference = 8B50D5A225513B9B001D5EE1 /* SampleCleanArchitectureUITests.xctest */;
			productType = "com.apple.product-type.bundle.ui-testing";
		};
/* End PBXNativeTarget section */

/* Begin PBXProject section */
		8B50D57925513B94001D5EE1 /* Project object */ = {
			isa = PBXProject;
			attributes = {
				LastSwiftUpdateCheck = 1210;
				LastUpgradeCheck = 1210;
				TargetAttributes = {
					8B50D58025513B95001D5EE1 = {
						CreatedOnToolsVersion = 12.1;
					};
					8B50D59625513B9B001D5EE1 = {
						CreatedOnToolsVersion = 12.1;
						TestTargetID = 8B50D58025513B95001D5EE1;
					};
					8B50D5A125513B9B001D5EE1 = {
						CreatedOnToolsVersion = 12.1;
						TestTargetID = 8B50D58025513B95001D5EE1;
					};
				};
			};
			buildConfigurationList = 8B50D57C25513B94001D5EE1 /* Build configuration list for PBXProject "SampleCleanArchitecture" */;
			compatibilityVersion = "Xcode 9.3";
			developmentRegion = en;
			hasScannedForEncodings = 0;
			knownRegions = (
				en,
				Base,
			);
			mainGroup = 8B50D57825513B94001D5EE1;
			productRefGroup = 8B50D58225513B95001D5EE1 /* Products */;
			projectDirPath = "";
			projectRoot = "";
			targets = (
				8B50D58025513B95001D5EE1 /* SampleCleanArchitecture */,
				8B50D59625513B9B001D5EE1 /* SampleCleanArchitectureTests */,
				8B50D5A125513B9B001D5EE1 /* SampleCleanArchitectureUITests */,
			);
		};
/* End PBXProject section */

/* Begin PBXResourcesBuildPhase section */
		8B50D57F25513B95001D5EE1 /* Resources */ = {
			isa = PBXResourcesBuildPhase;
			buildActionMask = 2147483647;
			files = (
				8B50D59125513B9B001D5EE1 /* LaunchScreen.storyboard in Resources */,
				8B50D58E25513B9B001D5EE1 /* Assets.xcassets in Resources */,
				8B50D58C25513B95001D5EE1 /* Main.storyboard in Resources */,
			);
			runOnlyForDeploymentPostprocessing = 0;
		};
		8B50D59525513B9B001D5EE1 /* Resources */ = {
			isa = PBXResourcesBuildPhase;
			buildActionMask = 2147483647;
			files = (
			);
			runOnlyForDeploymentPostprocessing = 0;
		};
		8B50D5A025513B9B001D5EE1 /* Resources */ = {
			isa = PBXResourcesBuildPhase;
			buildActionMask = 2147483647;
			files = (
			);
			runOnlyForDeploymentPostprocessing = 0;
		};
/* End PBXResourcesBuildPhase section */

/* Begin PBXSourcesBuildPhase section */
		8B50D57D25513B95001D5EE1 /* Sources */ = {
			isa = PBXSourcesBuildPhase;
			buildActionMask = 2147483647;
			files = (
				8B50D58925513B95001D5EE1 /* ViewController.swift in Sources */,
				8B50D58525513B95001D5EE1 /* AppDelegate.swift in Sources */,
				8B50D58725513B95001D5EE1 /* SceneDelegate.swift in Sources */,
			);
			runOnlyForDeploymentPostprocessing = 0;
		};
		8B50D59325513B9B001D5EE1 /* Sources */ = {
			isa = PBXSourcesBuildPhase;
			buildActionMask = 2147483647;
			files = (
				8B50D59C25513B9B001D5EE1 /* SampleCleanArchitectureTests.swift in Sources */,
			);
			runOnlyForDeploymentPostprocessing = 0;
		};
		8B50D59E25513B9B001D5EE1 /* Sources */ = {
			isa = PBXSourcesBuildPhase;
			buildActionMask = 2147483647;
			files = (
				8B50D5A725513B9B001D5EE1 /* SampleCleanArchitectureUITests.swift in Sources */,
			);
			runOnlyForDeploymentPostprocessing = 0;
		};
/* End PBXSourcesBuildPhase section */

/* Begin PBXTargetDependency section */
		8B50D59925513B9B001D5EE1 /* PBXTargetDependency */ = {
			isa = PBXTargetDependency;
			target = 8B50D58025513B95001D5EE1 /* SampleCleanArchitecture */;
			targetProxy = 8B50D59825513B9B001D5EE1 /* PBXContainerItemProxy */;
		};
		8B50D5A425513B9B001D5EE1 /* PBXTargetDependency */ = {
			isa = PBXTargetDependency;
			target = 8B50D58025513B95001D5EE1 /* SampleCleanArchitecture */;
			targetProxy = 8B50D5A325513B9B001D5EE1 /* PBXContainerItemProxy */;
		};
/* End PBXTargetDependency section */

/* Begin PBXVariantGroup section */
		8B50D58A25513B95001D5EE1 /* Main.storyboard */ = {
			isa = PBXVariantGroup;
			children = (
				8B50D58B25513B95001D5EE1 /* Base */,
			);
			name = Main.storyboard;
			sourceTree = "<group>";
		};
		8B50D58F25513B9B001D5EE1 /* LaunchScreen.storyboard */ = {
			isa = PBXVariantGroup;
			children = (
				8B50D59025513B9B001D5EE1 /* Base */,
			);
			name = LaunchScreen.storyboard;
			sourceTree = "<group>";
		};
/* End PBXVariantGroup section */

/* Begin XCBuildConfiguration section */
		8B50D5A925513B9B001D5EE1 /* Debug */ = {
			isa = XCBuildConfiguration;
			buildSettings = {
				ALWAYS_SEARCH_USER_PATHS = NO;
				CLANG_ANALYZER_NONNULL = YES;
				CLANG_ANALYZER_NUMBER_OBJECT_CONVERSION = YES_AGGRESSIVE;
				CLANG_CXX_LANGUAGE_STANDARD = "gnu++14";
				CLANG_CXX_LIBRARY = "libc++";
				CLANG_ENABLE_MODULES = YES;
				CLANG_ENABLE_OBJC_ARC = YES;
				CLANG_ENABLE_OBJC_WEAK = YES;
				CLANG_WARN_BLOCK_CAPTURE_AUTORELEASING = YES;
				CLANG_WARN_BOOL_CONVERSION = YES;
				CLANG_WARN_COMMA = YES;
				CLANG_WARN_CONSTANT_CONVERSION = YES;
				CLANG_WARN_DEPRECATED_OBJC_IMPLEMENTATIONS = YES;
				CLANG_WARN_DIRECT_OBJC_ISA_USAGE = YES_ERROR;
				CLANG_WARN_DOCUMENTATION_COMMENTS = YES;
				CLANG_WARN_EMPTY_BODY = YES;
				CLANG_WARN_ENUM_CONVERSION = YES;
				CLANG_WARN_INFINITE_RECURSION = YES;
				CLANG_WARN_INT_CONVERSION = YES;
				CLANG_WARN_NON_LITERAL_NULL_CONVERSION = YES;
				CLANG_WARN_OBJC_IMPLICIT_RETAIN_SELF = YES;
				CLANG_WARN_OBJC_LITERAL_CONVERSION = YES;
				CLANG_WARN_OBJC_ROOT_CLASS = YES_ERROR;
				CLANG_WARN_QUOTED_INCLUDE_IN_FRAMEWORK_HEADER = YES;
				CLANG_WARN_RANGE_LOOP_ANALYSIS = YES;
				CLANG_WARN_STRICT_PROTOTYPES = YES;
				CLANG_WARN_SUSPICIOUS_MOVE = YES;
				CLANG_WARN_UNGUARDED_AVAILABILITY = YES_AGGRESSIVE;
				CLANG_WARN_UNREACHABLE_CODE = YES;
				CLANG_WARN__DUPLICATE_METHOD_MATCH = YES;
				COPY_PHASE_STRIP = NO;
				DEBUG_INFORMATION_FORMAT = dwarf;
				ENABLE_STRICT_OBJC_MSGSEND = YES;
				ENABLE_TESTABILITY = YES;
				GCC_C_LANGUAGE_STANDARD = gnu11;
				GCC_DYNAMIC_NO_PIC = NO;
				GCC_NO_COMMON_BLOCKS = YES;
				GCC_OPTIMIZATION_LEVEL = 0;
				GCC_PREPROCESSOR_DEFINITIONS = (
					"DEBUG=1",
					"$(inherited)",
				);
				GCC_WARN_64_TO_32_BIT_CONVERSION = YES;
				GCC_WARN_ABOUT_RETURN_TYPE = YES_ERROR;
				GCC_WARN_UNDECLARED_SELECTOR = YES;
				GCC_WARN_UNINITIALIZED_AUTOS = YES_AGGRESSIVE;
				GCC_WARN_UNUSED_FUNCTION = YES;
				GCC_WARN_UNUSED_VARIABLE = YES;
				IPHONEOS_DEPLOYMENT_TARGET = 14.1;
				MTL_ENABLE_DEBUG_INFO = INCLUDE_SOURCE;
				MTL_FAST_MATH = YES;
				ONLY_ACTIVE_ARCH = YES;
				SDKROOT = iphoneos;
				SWIFT_ACTIVE_COMPILATION_CONDITIONS = DEBUG;
				SWIFT_OPTIMIZATION_LEVEL = "-Onone";
			};
			name = Debug;
		};
		8B50D5AA25513B9B001D5EE1 /* Release */ = {
			isa = XCBuildConfiguration;
			buildSettings = {
				ALWAYS_SEARCH_USER_PATHS = NO;
				CLANG_ANALYZER_NONNULL = YES;
				CLANG_ANALYZER_NUMBER_OBJECT_CONVERSION = YES_AGGRESSIVE;
				CLANG_CXX_LANGUAGE_STANDARD = "gnu++14";
				CLANG_CXX_LIBRARY = "libc++";
				CLANG_ENABLE_MODULES = YES;
				CLANG_ENABLE_OBJC_ARC = YES;
				CLANG_ENABLE_OBJC_WEAK = YES;
				CLANG_WARN_BLOCK_CAPTURE_AUTORELEASING = YES;
				CLANG_WARN_BOOL_CONVERSION = YES;
				CLANG_WARN_COMMA = YES;
				CLANG_WARN_CONSTANT_CONVERSION = YES;
				CLANG_WARN_DEPRECATED_OBJC_IMPLEMENTATIONS = YES;
				CLANG_WARN_DIRECT_OBJC_ISA_USAGE = YES_ERROR;
				CLANG_WARN_DOCUMENTATION_COMMENTS = YES;
				CLANG_WARN_EMPTY_BODY = YES;
				CLANG_WARN_ENUM_CONVERSION = YES;
				CLANG_WARN_INFINITE_RECURSION = YES;
				CLANG_WARN_INT_CONVERSION = YES;
				CLANG_WARN_NON_LITERAL_NULL_CONVERSION = YES;
				CLANG_WARN_OBJC_IMPLICIT_RETAIN_SELF = YES;
				CLANG_WARN_OBJC_LITERAL_CONVERSION = YES;
				CLANG_WARN_OBJC_ROOT_CLASS = YES_ERROR;
				CLANG_WARN_QUOTED_INCLUDE_IN_FRAMEWORK_HEADER = YES;
				CLANG_WARN_RANGE_LOOP_ANALYSIS = YES;
				CLANG_WARN_STRICT_PROTOTYPES = YES;
				CLANG_WARN_SUSPICIOUS_MOVE = YES;
				CLANG_WARN_UNGUARDED_AVAILABILITY = YES_AGGRESSIVE;
				CLANG_WARN_UNREACHABLE_CODE = YES;
				CLANG_WARN__DUPLICATE_METHOD_MATCH = YES;
				COPY_PHASE_STRIP = NO;
				DEBUG_INFORMATION_FORMAT = "dwarf-with-dsym";
				ENABLE_NS_ASSERTIONS = NO;
				ENABLE_STRICT_OBJC_MSGSEND = YES;
				GCC_C_LANGUAGE_STANDARD = gnu11;
				GCC_NO_COMMON_BLOCKS = YES;
				GCC_WARN_64_TO_32_BIT_CONVERSION = YES;
				GCC_WARN_ABOUT_RETURN_TYPE = YES_ERROR;
				GCC_WARN_UNDECLARED_SELECTOR = YES;
				GCC_WARN_UNINITIALIZED_AUTOS = YES_AGGRESSIVE;
				GCC_WARN_UNUSED_FUNCTION = YES;
				GCC_WARN_UNUSED_VARIABLE = YES;
				IPHONEOS_DEPLOYMENT_TARGET = 14.1;
				MTL_ENABLE_DEBUG_INFO = NO;
				MTL_FAST_MATH = YES;
				SDKROOT = iphoneos;
				SWIFT_COMPILATION_MODE = wholemodule;
				SWIFT_OPTIMIZATION_LEVEL = "-O";
				VALIDATE_PRODUCT = YES;
			};
			name = Release;
		};
		8B50D5AC25513B9B001D5EE1 /* Debug */ = {
			isa = XCBuildConfiguration;
			buildSettings = {
				ASSETCATALOG_COMPILER_APPICON_NAME = AppIcon;
				ASSETCATALOG_COMPILER_GLOBAL_ACCENT_COLOR_NAME = AccentColor;
				CODE_SIGN_STYLE = Automatic;
				DEVELOPMENT_TEAM = RN4VPQDMFV;
				INFOPLIST_FILE = SampleCleanArchitecture/Info.plist;
				LD_RUNPATH_SEARCH_PATHS = (
					"$(inherited)",
					"@executable_path/Frameworks",
				);
				PRODUCT_BUNDLE_IDENTIFIER = jp.learningdesign.SampleCleanArchitecture;
				PRODUCT_NAME = "$(TARGET_NAME)";
				SWIFT_VERSION = 5.0;
				TARGETED_DEVICE_FAMILY = "1,2";
			};
			name = Debug;
		};
		8B50D5AD25513B9B001D5EE1 /* Release */ = {
			isa = XCBuildConfiguration;
			buildSettings = {
				ASSETCATALOG_COMPILER_APPICON_NAME = AppIcon;
				ASSETCATALOG_COMPILER_GLOBAL_ACCENT_COLOR_NAME = AccentColor;
				CODE_SIGN_STYLE = Automatic;
				DEVELOPMENT_TEAM = RN4VPQDMFV;
				INFOPLIST_FILE = SampleCleanArchitecture/Info.plist;
				LD_RUNPATH_SEARCH_PATHS = (
					"$(inherited)",
					"@executable_path/Frameworks",
				);
				PRODUCT_BUNDLE_IDENTIFIER = jp.learningdesign.SampleCleanArchitecture;
				PRODUCT_NAME = "$(TARGET_NAME)";
				SWIFT_VERSION = 5.0;
				TARGETED_DEVICE_FAMILY = "1,2";
			};
			name = Release;
		};
		8B50D5AF25513B9B001D5EE1 /* Debug */ = {
			isa = XCBuildConfiguration;
			buildSettings = {
				ALWAYS_EMBED_SWIFT_STANDARD_LIBRARIES = YES;
				BUNDLE_LOADER = "$(TEST_HOST)";
				CODE_SIGN_STYLE = Automatic;
				DEVELOPMENT_TEAM = RN4VPQDMFV;
				INFOPLIST_FILE = SampleCleanArchitectureTests/Info.plist;
				IPHONEOS_DEPLOYMENT_TARGET = 14.1;
				LD_RUNPATH_SEARCH_PATHS = (
					"$(inherited)",
					"@executable_path/Frameworks",
					"@loader_path/Frameworks",
				);
				PRODUCT_BUNDLE_IDENTIFIER = jp.learningdesign.SampleCleanArchitectureTests;
				PRODUCT_NAME = "$(TARGET_NAME)";
				SWIFT_VERSION = 5.0;
				TARGETED_DEVICE_FAMILY = "1,2";
				TEST_HOST = "$(BUILT_PRODUCTS_DIR)/SampleCleanArchitecture.app/SampleCleanArchitecture";
			};
			name = Debug;
		};
		8B50D5B025513B9B001D5EE1 /* Release */ = {
			isa = XCBuildConfiguration;
			buildSettings = {
				ALWAYS_EMBED_SWIFT_STANDARD_LIBRARIES = YES;
				BUNDLE_LOADER = "$(TEST_HOST)";
				CODE_SIGN_STYLE = Automatic;
				DEVELOPMENT_TEAM = RN4VPQDMFV;
				INFOPLIST_FILE = SampleCleanArchitectureTests/Info.plist;
				IPHONEOS_DEPLOYMENT_TARGET = 14.1;
				LD_RUNPATH_SEARCH_PATHS = (
					"$(inherited)",
					"@executable_path/Frameworks",
					"@loader_path/Frameworks",
				);
				PRODUCT_BUNDLE_IDENTIFIER = jp.learningdesign.SampleCleanArchitectureTests;
				PRODUCT_NAME = "$(TARGET_NAME)";
				SWIFT_VERSION = 5.0;
				TARGETED_DEVICE_FAMILY = "1,2";
				TEST_HOST = "$(BUILT_PRODUCTS_DIR)/SampleCleanArchitecture.app/SampleCleanArchitecture";
			};
			name = Release;
		};
		8B50D5B225513B9B001D5EE1 /* Debug */ = {
			isa = XCBuildConfiguration;
			buildSettings = {
				ALWAYS_EMBED_SWIFT_STANDARD_LIBRARIES = YES;
				CODE_SIGN_STYLE = Automatic;
				DEVELOPMENT_TEAM = RN4VPQDMFV;
				INFOPLIST_FILE = SampleCleanArchitectureUITests/Info.plist;
				LD_RUNPATH_SEARCH_PATHS = (
					"$(inherited)",
					"@executable_path/Frameworks",
					"@loader_path/Frameworks",
				);
				PRODUCT_BUNDLE_IDENTIFIER = jp.learningdesign.SampleCleanArchitectureUITests;
				PRODUCT_NAME = "$(TARGET_NAME)";
				SWIFT_VERSION = 5.0;
				TARGETED_DEVICE_FAMILY = "1,2";
				TEST_TARGET_NAME = SampleCleanArchitecture;
			};
			name = Debug;
		};
		8B50D5B325513B9B001D5EE1 /* Release */ = {
			isa = XCBuildConfiguration;
			buildSettings = {
				ALWAYS_EMBED_SWIFT_STANDARD_LIBRARIES = YES;
				CODE_SIGN_STYLE = Automatic;
				DEVELOPMENT_TEAM = RN4VPQDMFV;
				INFOPLIST_FILE = SampleCleanArchitectureUITests/Info.plist;
				LD_RUNPATH_SEARCH_PATHS = (
					"$(inherited)",
					"@executable_path/Frameworks",
					"@loader_path/Frameworks",
				);
				PRODUCT_BUNDLE_IDENTIFIER = jp.learningdesign.SampleCleanArchitectureUITests;
				PRODUCT_NAME = "$(TARGET_NAME)";
				SWIFT_VERSION = 5.0;
				TARGETED_DEVICE_FAMILY = "1,2";
				TEST_TARGET_NAME = SampleCleanArchitecture;
			};
			name = Release;
		};
/* End XCBuildConfiguration section */

/* Begin XCConfigurationList section */
		8B50D57C25513B94001D5EE1 /* Build configuration list for PBXProject "SampleCleanArchitecture" */ = {
			isa = XCConfigurationList;
			buildConfigurations = (
				8B50D5A925513B9B001D5EE1 /* Debug */,
				8B50D5AA25513B9B001D5EE1 /* Release */,
			);
			defaultConfigurationIsVisible = 0;
			defaultConfigurationName = Release;
		};
		8B50D5AB25513B9B001D5EE1 /* Build configuration list for PBXNativeTarget "SampleCleanArchitecture" */ = {
			isa = XCConfigurationList;
			buildConfigurations = (
				8B50D5AC25513B9B001D5EE1 /* Debug */,
				8B50D5AD25513B9B001D5EE1 /* Release */,
			);
			defaultConfigurationIsVisible = 0;
			defaultConfigurationName = Release;
		};
		8B50D5AE25513B9B001D5EE1 /* Build configuration list for PBXNativeTarget "SampleCleanArchitectureTests" */ = {
			isa = XCConfigurationList;
			buildConfigurations = (
				8B50D5AF25513B9B001D5EE1 /* Debug */,
				8B50D5B025513B9B001D5EE1 /* Release */,
			);
			defaultConfigurationIsVisible = 0;
			defaultConfigurationName = Release;
		};
		8B50D5B125513B9B001D5EE1 /* Build configuration list for PBXNativeTarget "SampleCleanArchitectureUITests" */ = {
			isa = XCConfigurationList;
			buildConfigurations = (
				8B50D5B225513B9B001D5EE1 /* Debug */,
				8B50D5B325513B9B001D5EE1 /* Release */,
			);
			defaultConfigurationIsVisible = 0;
			defaultConfigurationName = Release;
		};
/* End XCConfigurationList section */
	};
	rootObject = 8B50D57925513B94001D5EE1 /* Project object */;
}
